
Microsoft Visual Studio Solution File, Format Version 12.00
# Visual Studio Version 17
VisualStudioVersion = 17.3.32922.545
MinimumVisualStudioVersion = 10.0.40219.1
Project("{FAE04EC0-301F-11D3-BF4B-00C04F79EFBC}") = "ShopProject", "ShopProject\ShopProject.csproj", "{86A43856-4CF2-4C06-B22A-486400095DC5}"
EndProject
Project("{FAE04EC0-301F-11D3-BF4B-00C04F79EFBC}") = "Devsharp.Core", "Devsharp.Core\Devsharp.Core.csproj", "{C902AC50-4C2B-4362-AD8F-15BE54143AAA}"
EndProject
Project("{FAE04EC0-301F-11D3-BF4B-00C04F79EFBC}") = "Devsharp.Data", "Devsharp.Data\Devsharp.Data.csproj", "{FFF0C76C-87C7-445F-B172-D9B40F72D013}"
EndProject
Project("{FAE04EC0-301F-11D3-BF4B-00C04F79EFBC}") = "Devsharp.Framework", "Devsharp.Framework\Devsharp.Framework.csproj", "{3E44201B-E5B9-4C25-8EFE-2ABED756B76D}"
EndProject
Project("{FAE04EC0-301F-11D3-BF4B-00C04F79EFBC}") = "Devsharp.Services", "Devshrp.Services\Devsharp.Services.csproj", "{DA39D6F6-3ECF-4D1B-8183-74B83C6639A1}"
EndProject
Global
	GlobalSection(SolutionConfigurationPlatforms) = preSolution
		Debug|Any CPU = Debug|Any CPU
		Release|Any CPU = Release|Any CPU
	EndGlobalSection
	GlobalSection(ProjectConfigurationPlatforms) = postSolution
		{86A43856-4CF2-4C06-B22A-486400095DC5}.Debug|Any CPU.ActiveCfg = Debug|Any CPU
		{86A43856-4CF2-4C06-B22A-486400095DC5}.Debug|Any CPU.Build.0 = Debug|Any CPU
		{86A43856-4CF2-4C06-B22A-486400095DC5}.Release|Any CPU.ActiveCfg = Release|Any CPU
		{86A43856-4CF2-4C06-B22A-486400095DC5}.Release|Any CPU.Build.0 = Release|Any CPU
		{C902AC50-4C2B-4362-AD8F-15BE54143AAA}.Debug|Any CPU.ActiveCfg = Debug|Any CPU
		{C902AC50-4C2B-4362-AD8F-15BE54143AAA}.Debug|Any CPU.Build.0 = Debug|Any CPU
		{C902AC50-4C2B-4362-AD8F-15BE54143AAA}.Release|Any CPU.ActiveCfg = Release|Any CPU
		{C902AC50-4C2B-4362-AD8F-15BE54143AAA}.Release|Any CPU.Build.0 = Release|Any CPU
		{FFF0C76C-87C7-445F-B172-D9B40F72D013}.Debug|Any CPU.ActiveCfg = Debug|Any CPU
		{FFF0C76C-87C7-445F-B172-D9B40F72D013}.Debug|Any CPU.Build.0 = Debug|Any CPU
		{FFF0C76C-87C7-445F-B172-D9B40F72D013}.Release|Any CPU.ActiveCfg = Release|Any CPU
		{FFF0C76C-87C7-445F-B172-D9B40F72D013}.Release|Any CPU.Build.0 = Release|Any CPU
		{3E44201B-E5B9-4C25-8EFE-2ABED756B76D}.Debug|Any CPU.ActiveCfg = Debug|Any CPU
		{3E44201B-E5B9-4C25-8EFE-2ABED756B76D}.Debug|Any CPU.Build.0 = Debug|Any CPU
		{3E44201B-E5B9-4C25-8EFE-2ABED756B76D}.Release|Any CPU.ActiveCfg = Release|Any CPU
		{3E44201B-E5B9-4C25-8EFE-2ABED756B76D}.Release|Any CPU.Build.0 = Release|Any CPU
		{DA39D6F6-3ECF-4D1B-8183-74B83C6639A1}.Debug|Any CPU.ActiveCfg = Debug|Any CPU
		{DA39D6F6-3ECF-4D1B-8183-74B83C6639A1}.Debug|Any CPU.Build.0 = Debug|Any CPU
		{DA39D6F6-3ECF-4D1B-8183-74B83C6639A1}.Release|Any CPU.ActiveCfg = Release|Any CPU
		{DA39D6F6-3ECF-4D1B-8183-74B83C6639A1}.Release|Any CPU.Build.0 = Release|Any CPU
	EndGlobalSection
	GlobalSection(SolutionProperties) = preSolution
		HideSolutionNode = FALSE
	EndGlobalSection
	GlobalSection(ExtensibilityGlobals) = postSolution
		SolutionGuid = {E220E11D-19CF-45CB-8525-8D713CD1C9CB}
	EndGlobalSection
EndGlobal
